
Microsoft Visual Studio Solution File, Format Version 12.00
# Visual Studio Version 17
VisualStudioVersion = 17.8.34525.116
MinimumVisualStudioVersion = 10.0.40219.1
Project("{FAE04EC0-301F-11D3-BF4B-00C04F79EFBC}") = "BackendTask.API", "BackendTask.API\BackendTask.API.csproj", "{667A9B95-786C-40D7-8A66-118FEEE4E59F}"
EndProject
Global
	GlobalSection(SolutionConfigurationPlatforms) = preSolution
		Debug|Any CPU = Debug|Any CPU
		Release|Any CPU = Release|Any CPU
	EndGlobalSection
	GlobalSection(ProjectConfigurationPlatforms) = postSolution
		{667A9B95-786C-40D7-8A66-118FEEE4E59F}.Debug|Any CPU.ActiveCfg = Debug|Any CPU
		{667A9B95-786C-40D7-8A66-118FEEE4E59F}.Debug|Any CPU.Build.0 = Debug|Any CPU
		{667A9B95-786C-40D7-8A66-118FEEE4E59F}.Release|Any CPU.ActiveCfg = Release|Any CPU
		{667A9B95-786C-40D7-8A66-118FEEE4E59F}.Release|Any CPU.Build.0 = Release|Any CPU
	EndGlobalSection
	GlobalSection(SolutionProperties) = preSolution
		HideSolutionNode = FALSE
	EndGlobalSection
	GlobalSection(ExtensibilityGlobals) = postSolution
		SolutionGuid = {7A5EA908-895C-4E8D-A606-545E93D99FD5}
	EndGlobalSection
EndGlobal
